# THIS IS AN AUTOGENERATED FILE. DO NOT EDIT THIS FILE DIRECTLY.
# yarn lockfile v1


unified-mongo-filter@0.3.1:
  version "0.3.1"
  resolved "https://registry.yarnpkg.com/unified-mongo-filter/-/unified-mongo-filter-0.3.1.tgz#4e8056b9477f550da1aef5af616d373928aad40b"
  integrity sha512-4eiGtgGAfqU/EyJaEQkn3zYMPGlXwPfJm69Btwd5lKZzOrf/xG3qv8n33fmu1Z8OuFxDQYHh4hovPLBpFBGUgw==
